dependencies:
  espressif/esp_codec_dev:
    component_hash: 3a1df01ee46d64c55155341bb6f4834db33db7dbd9b637e476e1eab64d01295a
    dependencies:
    - name: idf
      require: private
      version: '>=4.0'
    source:
      registry_url: https://components.espressif.com/
      type: service
    version: 1.4.0
  idf:
    source:
      type: idf
    version: 5.5.1
  lvgl/lvgl:
    component_hash: 184e532558c1c45fefed631f3e235423d22582aafb4630f3e8885c35281a49ae
    dependencies: []
    source:
      registry_url: https://components.espressif.com/
      type: service
    version: 9.5.0
direct_dependencies:
- espressif/esp_codec_dev
- idf
- lvgl/lvgl
manifest_hash: 46ae4307627a47d50a0be96ddd9d52cc342f22e48fc89f258b0b8515b2341985
target: esp32s3
version: 2.0.0
